
Microsoft Visual Studio Solution File, Format Version 12.00
# Visual Studio Version 17
VisualStudioVersion = 17.12.35527.113 d17.12
MinimumVisualStudioVersion = 10.0.40219.1
Project("{FAE04EC0-301F-11D3-BF4B-00C04F79EFBC}") = "ArvoreGen_2.Server", "ArvoreGen_2.Server\ArvoreGen_2.Server.csproj", "{549EE6EB-9BBC-4D80-9215-CF1696F0D44D}"
EndProject
Project("{54A90642-561A-4BB1-A94E-469ADEE60C69}") = "arvoregen_2.client", "arvoregen_2.client\arvoregen_2.client.esproj", "{4B4D707F-E291-40C5-AD16-9FC80C09D249}"
EndProject
Global
	GlobalSection(SolutionConfigurationPlatforms) = preSolution
		Debug|Any CPU = Debug|Any CPU
		Release|Any CPU = Release|Any CPU
	EndGlobalSection
	GlobalSection(ProjectConfigurationPlatforms) = postSolution
		{549EE6EB-9BBC-4D80-9215-CF1696F0D44D}.Debug|Any CPU.ActiveCfg = Debug|Any CPU
		{549EE6EB-9BBC-4D80-9215-CF1696F0D44D}.Debug|Any CPU.Build.0 = Debug|Any CPU
		{549EE6EB-9BBC-4D80-9215-CF1696F0D44D}.Release|Any CPU.ActiveCfg = Release|Any CPU
		{549EE6EB-9BBC-4D80-9215-CF1696F0D44D}.Release|Any CPU.Build.0 = Release|Any CPU
		{4B4D707F-E291-40C5-AD16-9FC80C09D249}.Debug|Any CPU.ActiveCfg = Debug|Any CPU
		{4B4D707F-E291-40C5-AD16-9FC80C09D249}.Debug|Any CPU.Build.0 = Debug|Any CPU
		{4B4D707F-E291-40C5-AD16-9FC80C09D249}.Debug|Any CPU.Deploy.0 = Debug|Any CPU
		{4B4D707F-E291-40C5-AD16-9FC80C09D249}.Release|Any CPU.ActiveCfg = Release|Any CPU
		{4B4D707F-E291-40C5-AD16-9FC80C09D249}.Release|Any CPU.Build.0 = Release|Any CPU
		{4B4D707F-E291-40C5-AD16-9FC80C09D249}.Release|Any CPU.Deploy.0 = Release|Any CPU
	EndGlobalSection
	GlobalSection(SolutionProperties) = preSolution
		HideSolutionNode = FALSE
	EndGlobalSection
EndGlobal
